
Microsoft Visual Studio Solution File, Format Version 12.00
# Visual Studio Version 16
VisualStudioVersion = 16.0.29409.12
MinimumVisualStudioVersion = 10.0.40219.1
Project("{FAE04EC0-301F-11D3-BF4B-00C04F79EFBC}") = "TestingDapper", "TestingDapper\TestingDapper.csproj", "{547C0D03-D97C-44A4-A44B-CEDDD3A2202A}"
EndProject
Global
	GlobalSection(SolutionConfigurationPlatforms) = preSolution
		Debug|Any CPU = Debug|Any CPU
		Release|Any CPU = Release|Any CPU
	EndGlobalSection
	GlobalSection(ProjectConfigurationPlatforms) = postSolution
		{547C0D03-D97C-44A4-A44B-CEDDD3A2202A}.Debug|Any CPU.ActiveCfg = Debug|Any CPU
		{547C0D03-D97C-44A4-A44B-CEDDD3A2202A}.Debug|Any CPU.Build.0 = Debug|Any CPU
		{547C0D03-D97C-44A4-A44B-CEDDD3A2202A}.Release|Any CPU.ActiveCfg = Release|Any CPU
		{547C0D03-D97C-44A4-A44B-CEDDD3A2202A}.Release|Any CPU.Build.0 = Release|Any CPU
	EndGlobalSection
	GlobalSection(SolutionProperties) = preSolution
		HideSolutionNode = FALSE
	EndGlobalSection
	GlobalSection(ExtensibilityGlobals) = postSolution
		SolutionGuid = {C2BA0794-DCE2-4674-8F97-3517A04D4354}
	EndGlobalSection
EndGlobal
